# THIS IS AN AUTOGENERATED FILE. DO NOT EDIT THIS FILE DIRECTLY.
# yarn lockfile v1


framer-motion@^12.25.0:
  version "12.25.0"
  resolved "https://registry.yarnpkg.com/framer-motion/-/framer-motion-12.25.0.tgz#23fd83da2d1365d86d806fd5532cce08352a116c"
  integrity sha512-mlWqd0rApIjeyhTCSNCqPYsUAEhkcUukZxH3ke6KbstBRPcxhEpuIjmiUQvB+1E9xkEm5SpNHBgHCapH/QHTWg==
  dependencies:
    motion-dom "^12.24.11"
    motion-utils "^12.24.10"
    tslib "^2.4.0"

motion-dom@^12.24.11:
  version "12.24.11"
  resolved "https://registry.yarnpkg.com/motion-dom/-/motion-dom-12.24.11.tgz#05d0032cacca4cd854242e687072234b38562558"
  integrity sha512-DlWOmsXMJrV8lzZyd+LKjG2CXULUs++bkq8GZ2Sr0R0RRhs30K2wtY+LKiTjhmJU3W61HK+rB0GLz6XmPvTA1A==
  dependencies:
    motion-utils "^12.24.10"

motion-utils@^12.24.10:
  version "12.24.10"
  resolved "https://registry.yarnpkg.com/motion-utils/-/motion-utils-12.24.10.tgz#73d0bead3c08c4ba2965a5f7ee39dd53f661ae7e"
  integrity sha512-x5TFgkCIP4pPsRLpKoI86jv/q8t8FQOiM/0E8QKBzfMozWHfkKap2gA1hOki+B5g3IsBNpxbUnfOum1+dgvYww==

tslib@^2.4.0:
  version "2.8.1"
  resolved "https://registry.yarnpkg.com/tslib/-/tslib-2.8.1.tgz#612efe4ed235d567e8aba5f2a5fab70280ade83f"
  integrity sha512-oJFu94HQb+KVduSUQL7wnpmqnfmLsOA/nAh6b6EH0wCEoK0/mPeXU6c3wKDV83MkOuHPRHtSXKKU99IBazS/2w==
